
Microsoft Visual Studio Solution File, Format Version 12.00
# Visual Studio 15
VisualStudioVersion = 15.0.28307.421
MinimumVisualStudioVersion = 10.0.40219.1
Project("{FAE04EC0-301F-11D3-BF4B-00C04F79EFBC}") = "StringToBinary", "StringToBinary\StringToBinary.csproj", "{0F2295DB-AA35-4967-BB7C-FD6EC5C85586}"
EndProject
Global
	GlobalSection(SolutionConfigurationPlatforms) = preSolution
		Debug|Any CPU = Debug|Any CPU
		Release|Any CPU = Release|Any CPU
	EndGlobalSection
	GlobalSection(ProjectConfigurationPlatforms) = postSolution
		{0F2295DB-AA35-4967-BB7C-FD6EC5C85586}.Debug|Any CPU.ActiveCfg = Debug|Any CPU
		{0F2295DB-AA35-4967-BB7C-FD6EC5C85586}.Debug|Any CPU.Build.0 = Debug|Any CPU
		{0F2295DB-AA35-4967-BB7C-FD6EC5C85586}.Release|Any CPU.ActiveCfg = Release|Any CPU
		{0F2295DB-AA35-4967-BB7C-FD6EC5C85586}.Release|Any CPU.Build.0 = Release|Any CPU
	EndGlobalSection
	GlobalSection(SolutionProperties) = preSolution
		HideSolutionNode = FALSE
	EndGlobalSection
	GlobalSection(ExtensibilityGlobals) = postSolution
		SolutionGuid = {39D30CD3-D3AA-4123-8884-16011953E573}
	EndGlobalSection
EndGlobal
